
Microsoft Visual Studio Solution File, Format Version 12.00
# Visual Studio Version 17
VisualStudioVersion = 17.8.34525.116
MinimumVisualStudioVersion = 10.0.40219.1
Project("{2150E333-8FDC-42A3-9474-1A3956D46DE8}") = "Level0", "Level0", "{96792229-823E-4F1D-A2A2-950794359BC5}"
EndProject
Project("{2150E333-8FDC-42A3-9474-1A3956D46DE8}") = "Level1", "Level1", "{326F57B3-2C8B-4611-8F15-3FBDDE2A7506}"
EndProject
Project("{2150E333-8FDC-42A3-9474-1A3956D46DE8}") = "Level2", "Level2", "{87713852-4CA5-4CEE-9EED-A95B27E0AE0E}"
EndProject
Project("{2150E333-8FDC-42A3-9474-1A3956D46DE8}") = "Level3", "Level3", "{D27A16DA-8144-4BB6-8B88-949EA7F84DE2}"
EndProject
Project("{2150E333-8FDC-42A3-9474-1A3956D46DE8}") = "Level4", "Level4", "{9B88DDDC-38E9-4156-9221-DA0526B39C5B}"
EndProject
Project("{8BC9CEB8-8B4A-11D0-8D11-00A0C91BC942}") = "EngineBase", "EngineBase\EngineBase.vcxproj", "{D42432D4-3B5A-4913-BFF4-82E69DBEC28C}"
EndProject
Project("{8BC9CEB8-8B4A-11D0-8D11-00A0C91BC942}") = "EnginePlatform", "EnginePlatform\EnginePlatform.vcxproj", "{54934147-DD88-427C-97DA-E398CA792FC4}"
EndProject
Project("{8BC9CEB8-8B4A-11D0-8D11-00A0C91BC942}") = "EngineCore", "EngineCore\EngineCore.vcxproj", "{5697A78B-6402-48BF-B9EE-8FADB4C96038}"
EndProject
Project("{8BC9CEB8-8B4A-11D0-8D11-00A0C91BC942}") = "MarioContents", "MarioContents\MarioContents.vcxproj", "{C6874FB3-98AD-44D5-96C8-73DA98AF5F18}"
EndProject
Project("{8BC9CEB8-8B4A-11D0-8D11-00A0C91BC942}") = "App", "App\App.vcxproj", "{9111193F-45CF-4742-806D-6ABE54E30AAA}"
EndProject
Global
	GlobalSection(SolutionConfigurationPlatforms) = preSolution
		Debug|x64 = Debug|x64
		Debug|x86 = Debug|x86
		Release|x64 = Release|x64
		Release|x86 = Release|x86
	EndGlobalSection
	GlobalSection(ProjectConfigurationPlatforms) = postSolution
		{D42432D4-3B5A-4913-BFF4-82E69DBEC28C}.Debug|x64.ActiveCfg = Debug|x64
		{D42432D4-3B5A-4913-BFF4-82E69DBEC28C}.Debug|x64.Build.0 = Debug|x64
		{D42432D4-3B5A-4913-BFF4-82E69DBEC28C}.Debug|x86.ActiveCfg = Debug|Win32
		{D42432D4-3B5A-4913-BFF4-82E69DBEC28C}.Debug|x86.Build.0 = Debug|Win32
		{D42432D4-3B5A-4913-BFF4-82E69DBEC28C}.Release|x64.ActiveCfg = Release|x64
		{D42432D4-3B5A-4913-BFF4-82E69DBEC28C}.Release|x64.Build.0 = Release|x64
		{D42432D4-3B5A-4913-BFF4-82E69DBEC28C}.Release|x86.ActiveCfg = Release|Win32
		{D42432D4-3B5A-4913-BFF4-82E69DBEC28C}.Release|x86.Build.0 = Release|Win32
		{54934147-DD88-427C-97DA-E398CA792FC4}.Debug|x64.ActiveCfg = Debug|x64
		{54934147-DD88-427C-97DA-E398CA792FC4}.Debug|x64.Build.0 = Debug|x64
		{54934147-DD88-427C-97DA-E398CA792FC4}.Debug|x86.ActiveCfg = Debug|Win32
		{54934147-DD88-427C-97DA-E398CA792FC4}.Debug|x86.Build.0 = Debug|Win32
		{54934147-DD88-427C-97DA-E398CA792FC4}.Release|x64.ActiveCfg = Release|x64
		{54934147-DD88-427C-97DA-E398CA792FC4}.Release|x64.Build.0 = Release|x64
		{54934147-DD88-427C-97DA-E398CA792FC4}.Release|x86.ActiveCfg = Release|Win32
		{54934147-DD88-427C-97DA-E398CA792FC4}.Release|x86.Build.0 = Release|Win32
		{5697A78B-6402-48BF-B9EE-8FADB4C96038}.Debug|x64.ActiveCfg = Debug|x64
		{5697A78B-6402-48BF-B9EE-8FADB4C96038}.Debug|x64.Build.0 = Debug|x64
		{5697A78B-6402-48BF-B9EE-8FADB4C96038}.Debug|x86.ActiveCfg = Debug|Win32
		{5697A78B-6402-48BF-B9EE-8FADB4C96038}.Debug|x86.Build.0 = Debug|Win32
		{5697A78B-6402-48BF-B9EE-8FADB4C96038}.Release|x64.ActiveCfg = Release|x64
		{5697A78B-6402-48BF-B9EE-8FADB4C96038}.Release|x64.Build.0 = Release|x64
		{5697A78B-6402-48BF-B9EE-8FADB4C96038}.Release|x86.ActiveCfg = Release|Win32
		{5697A78B-6402-48BF-B9EE-8FADB4C96038}.Release|x86.Build.0 = Release|Win32
		{C6874FB3-98AD-44D5-96C8-73DA98AF5F18}.Debug|x64.ActiveCfg = Debug|x64
		{C6874FB3-98AD-44D5-96C8-73DA98AF5F18}.Debug|x64.Build.0 = Debug|x64
		{C6874FB3-98AD-44D5-96C8-73DA98AF5F18}.Debug|x86.ActiveCfg = Debug|Win32
		{C6874FB3-98AD-44D5-96C8-73DA98AF5F18}.Debug|x86.Build.0 = Debug|Win32
		{C6874FB3-98AD-44D5-96C8-73DA98AF5F18}.Release|x64.ActiveCfg = Release|x64
		{C6874FB3-98AD-44D5-96C8-73DA98AF5F18}.Release|x64.Build.0 = Release|x64
		{C6874FB3-98AD-44D5-96C8-73DA98AF5F18}.Release|x86.ActiveCfg = Release|Win32
		{C6874FB3-98AD-44D5-96C8-73DA98AF5F18}.Release|x86.Build.0 = Release|Win32
		{9111193F-45CF-4742-806D-6ABE54E30AAA}.Debug|x64.ActiveCfg = Debug|x64
		{9111193F-45CF-4742-806D-6ABE54E30AAA}.Debug|x64.Build.0 = Debug|x64
		{9111193F-45CF-4742-806D-6ABE54E30AAA}.Debug|x86.ActiveCfg = Debug|Win32
		{9111193F-45CF-4742-806D-6ABE54E30AAA}.Debug|x86.Build.0 = Debug|Win32
		{9111193F-45CF-4742-806D-6ABE54E30AAA}.Release|x64.ActiveCfg = Release|x64
		{9111193F-45CF-4742-806D-6ABE54E30AAA}.Release|x64.Build.0 = Release|x64
		{9111193F-45CF-4742-806D-6ABE54E30AAA}.Release|x86.ActiveCfg = Release|Win32
		{9111193F-45CF-4742-806D-6ABE54E30AAA}.Release|x86.Build.0 = Release|Win32
	EndGlobalSection
	GlobalSection(SolutionProperties) = preSolution
		HideSolutionNode = FALSE
	EndGlobalSection
	GlobalSection(NestedProjects) = preSolution
		{D42432D4-3B5A-4913-BFF4-82E69DBEC28C} = {96792229-823E-4F1D-A2A2-950794359BC5}
		{54934147-DD88-427C-97DA-E398CA792FC4} = {326F57B3-2C8B-4611-8F15-3FBDDE2A7506}
		{5697A78B-6402-48BF-B9EE-8FADB4C96038} = {87713852-4CA5-4CEE-9EED-A95B27E0AE0E}
		{C6874FB3-98AD-44D5-96C8-73DA98AF5F18} = {D27A16DA-8144-4BB6-8B88-949EA7F84DE2}
		{9111193F-45CF-4742-806D-6ABE54E30AAA} = {9B88DDDC-38E9-4156-9221-DA0526B39C5B}
	EndGlobalSection
	GlobalSection(ExtensibilityGlobals) = postSolution
		SolutionGuid = {4876FCBA-1EF2-4944-B154-67EFB7CC9821}
	EndGlobalSection
EndGlobal
